schema: '2.0'
stages:
  data_ingestion:
    cmd: python src/data/data_ingestion.py
    deps:
    - path: src/data/data_ingestion.py
      hash: md5
      md5: 3050dc4dc1662c6a7468a1b65d94c7b0
      size: 3193
    params:
      params.yaml:
        data_ingestion.test_size: 0.4
    outs:
    - path: data/raw
      hash: md5
      md5: 1115e5694134d8e5c6202a6b8885ff9e.dir
      size: 1006158
      nfiles: 2
  data_preprocessing:
    cmd: python src/data/data_preprocessing.py
    deps:
    - path: data/raw
      hash: md5
      md5: 1115e5694134d8e5c6202a6b8885ff9e.dir
      size: 1006158
      nfiles: 2
    - path: src/data/data_preprocessing.py
      hash: md5
      md5: 8cc75e3b1eacb2a58d3bf44ca412168b
      size: 2442
    outs:
    - path: data/processed
      hash: md5
      md5: e2e131ec75214c6a7e3b1628db193b69.dir
      size: 760402
      nfiles: 2
  feature_engineerng:
    cmd: python src/features/feature_engineering.py
    deps:
    - path: data/processed
      hash: md5
      md5: e2e131ec75214c6a7e3b1628db193b69.dir
      size: 760402
      nfiles: 2
    - path: src/features/feature_engineering.py
      hash: md5
      md5: 7c9e0113511ce4e0b23e8e2b215840ad
      size: 1219
    outs:
    - path: data/features
      hash: md5
      md5: 5bfdaef1b8100ffb0f520996d2030f00.dir
      size: 1488800
      nfiles: 2
  model_building:
    cmd: python src/models/model_building.py
    deps:
    - path: data/features
      hash: md5
      md5: 4cd1fcdb327564d470fff4d66cdc3104.dir
      size: 3099041
      nfiles: 2
    - path: src/models/model_building.py
      hash: md5
      md5: 6b4368873b95466deb7314d56d2d5e60
      size: 479
    outs:
    - path: models/model.pkl
      hash: md5
      md5: c264d72f94b686c407358f8a3fe55e84
      size: 68854
  model_evaluation:
    cmd: python src/models/model_evaluation.py
    deps:
    - path: models/model.pkl
      hash: md5
      md5: c264d72f94b686c407358f8a3fe55e84
      size: 68854
    - path: src/models/model_evaluation.py
      hash: md5
      md5: 375b4de9c1a8fb0ad2e1f7e44d2f8671
      size: 872
    outs:
    - path: reports/metrics.json
      hash: md5
      md5: c021b151bf2299539d41376866cf48b2
      size: 144
  feature_engineering:
    cmd: python src/features/feature_engineering.py
    deps:
    - path: data/processed
      hash: md5
      md5: e2e131ec75214c6a7e3b1628db193b69.dir
      size: 760402
      nfiles: 2
    - path: src/features/feature_engineering.py
      hash: md5
      md5: 10fca06b59a39c259063d93cac3af834
      size: 1217
    outs:
    - path: data/features
      hash: md5
      md5: 4cd1fcdb327564d470fff4d66cdc3104.dir
      size: 3099041
      nfiles: 2
